
Microsoft Visual Studio Solution File, Format Version 12.00
# Visual Studio Version 17
VisualStudioVersion = 17.8.34408.163
MinimumVisualStudioVersion = 10.0.40219.1
Project("{2150E333-8FDC-42A3-9474-1A3956D46DE8}") = "Reflection", "Reflection", "{5AB71636-F030-4123-A4F5-0C0D6587B7E5}"
EndProject
Project("{9A19103F-16F7-4668-BE54-9A1E7A4F7556}") = "ReflectionDemo", "ReflectionDemo\ReflectionDemo.csproj", "{34D91B33-8A51-4F20-811A-9A71A19D118B}"
EndProject
Project("{9A19103F-16F7-4668-BE54-9A1E7A4F7556}") = "ReflectionDemo-Eman", "ReflectionDemo-Eman\ReflectionDemo-Eman.csproj", "{D9EDEAA5-F586-4741-9CC6-DD984D5099DD}"
EndProject
Project("{2150E333-8FDC-42A3-9474-1A3956D46DE8}") = "Assemblies", "Assemblies", "{1463C4AE-F44C-4503-8E8A-7E35616CBAF6}"
EndProject
Project("{9A19103F-16F7-4668-BE54-9A1E7A4F7556}") = "AssembliesDemo-Eman", "AssembliesDemo-Eman\AssembliesDemo-Eman.csproj", "{279B897A-A90E-4D4C-9AB4-73E18F33D78D}"
EndProject
Project("{9A19103F-16F7-4668-BE54-9A1E7A4F7556}") = "AssembliesDemo", "Assemblies\AssembliesDemo.csproj", "{47D92D4E-30DD-4F1E-B31B-AB4DDFACEB08}"
EndProject
Project("{9A19103F-16F7-4668-BE54-9A1E7A4F7556}") = "DummyAssembly", "DummyAssembly\DummyAssembly.csproj", "{6B3F7A00-3E42-472A-A683-EE86E2847F91}"
EndProject
Project("{9A19103F-16F7-4668-BE54-9A1E7A4F7556}") = "ISharedDSL", "IShared.DSL\ISharedDSL.csproj", "{7942263A-4182-4B74-B740-48BF23634A6C}"
EndProject
Project("{2150E333-8FDC-42A3-9474-1A3956D46DE8}") = "Threading", "Threading", "{C41257C5-06C7-497D-B248-4D9953880B70}"
EndProject
Project("{FAE04EC0-301F-11D3-BF4B-00C04F79EFBC}") = "ThreadingDemo", "AsynchronousAndParallelDemo\ThreadingDemo.csproj", "{3D99AECC-42E2-44AA-8A41-2076AE801C87}"
EndProject
Project("{9A19103F-16F7-4668-BE54-9A1E7A4F7556}") = "ThreadingConsoleDemoEman", "..\..\..\..\Downloads\threading_console_project\threading_console_project\ThreadingConsoleDemoEman.csproj", "{376F2FC1-04D0-4451-94B2-13746B5F50C5}"
EndProject
Global
	GlobalSection(SolutionConfigurationPlatforms) = preSolution
		Debug|Any CPU = Debug|Any CPU
		Release|Any CPU = Release|Any CPU
	EndGlobalSection
	GlobalSection(ProjectConfigurationPlatforms) = postSolution
		{34D91B33-8A51-4F20-811A-9A71A19D118B}.Debug|Any CPU.ActiveCfg = Debug|Any CPU
		{34D91B33-8A51-4F20-811A-9A71A19D118B}.Debug|Any CPU.Build.0 = Debug|Any CPU
		{34D91B33-8A51-4F20-811A-9A71A19D118B}.Release|Any CPU.ActiveCfg = Release|Any CPU
		{34D91B33-8A51-4F20-811A-9A71A19D118B}.Release|Any CPU.Build.0 = Release|Any CPU
		{D9EDEAA5-F586-4741-9CC6-DD984D5099DD}.Debug|Any CPU.ActiveCfg = Debug|Any CPU
		{D9EDEAA5-F586-4741-9CC6-DD984D5099DD}.Debug|Any CPU.Build.0 = Debug|Any CPU
		{D9EDEAA5-F586-4741-9CC6-DD984D5099DD}.Release|Any CPU.ActiveCfg = Release|Any CPU
		{D9EDEAA5-F586-4741-9CC6-DD984D5099DD}.Release|Any CPU.Build.0 = Release|Any CPU
		{279B897A-A90E-4D4C-9AB4-73E18F33D78D}.Debug|Any CPU.ActiveCfg = Debug|Any CPU
		{279B897A-A90E-4D4C-9AB4-73E18F33D78D}.Debug|Any CPU.Build.0 = Debug|Any CPU
		{279B897A-A90E-4D4C-9AB4-73E18F33D78D}.Release|Any CPU.ActiveCfg = Release|Any CPU
		{279B897A-A90E-4D4C-9AB4-73E18F33D78D}.Release|Any CPU.Build.0 = Release|Any CPU
		{47D92D4E-30DD-4F1E-B31B-AB4DDFACEB08}.Debug|Any CPU.ActiveCfg = Debug|Any CPU
		{47D92D4E-30DD-4F1E-B31B-AB4DDFACEB08}.Debug|Any CPU.Build.0 = Debug|Any CPU
		{47D92D4E-30DD-4F1E-B31B-AB4DDFACEB08}.Release|Any CPU.ActiveCfg = Release|Any CPU
		{47D92D4E-30DD-4F1E-B31B-AB4DDFACEB08}.Release|Any CPU.Build.0 = Release|Any CPU
		{6B3F7A00-3E42-472A-A683-EE86E2847F91}.Debug|Any CPU.ActiveCfg = Debug|Any CPU
		{6B3F7A00-3E42-472A-A683-EE86E2847F91}.Debug|Any CPU.Build.0 = Debug|Any CPU
		{6B3F7A00-3E42-472A-A683-EE86E2847F91}.Release|Any CPU.ActiveCfg = Release|Any CPU
		{6B3F7A00-3E42-472A-A683-EE86E2847F91}.Release|Any CPU.Build.0 = Release|Any CPU
		{7942263A-4182-4B74-B740-48BF23634A6C}.Debug|Any CPU.ActiveCfg = Debug|Any CPU
		{7942263A-4182-4B74-B740-48BF23634A6C}.Debug|Any CPU.Build.0 = Debug|Any CPU
		{7942263A-4182-4B74-B740-48BF23634A6C}.Release|Any CPU.ActiveCfg = Release|Any CPU
		{7942263A-4182-4B74-B740-48BF23634A6C}.Release|Any CPU.Build.0 = Release|Any CPU
		{3D99AECC-42E2-44AA-8A41-2076AE801C87}.Debug|Any CPU.ActiveCfg = Debug|Any CPU
		{3D99AECC-42E2-44AA-8A41-2076AE801C87}.Debug|Any CPU.Build.0 = Debug|Any CPU
		{3D99AECC-42E2-44AA-8A41-2076AE801C87}.Release|Any CPU.ActiveCfg = Release|Any CPU
		{3D99AECC-42E2-44AA-8A41-2076AE801C87}.Release|Any CPU.Build.0 = Release|Any CPU
		{376F2FC1-04D0-4451-94B2-13746B5F50C5}.Debug|Any CPU.ActiveCfg = Debug|Any CPU
		{376F2FC1-04D0-4451-94B2-13746B5F50C5}.Debug|Any CPU.Build.0 = Debug|Any CPU
		{376F2FC1-04D0-4451-94B2-13746B5F50C5}.Release|Any CPU.ActiveCfg = Release|Any CPU
		{376F2FC1-04D0-4451-94B2-13746B5F50C5}.Release|Any CPU.Build.0 = Release|Any CPU
	EndGlobalSection
	GlobalSection(SolutionProperties) = preSolution
		HideSolutionNode = FALSE
	EndGlobalSection
	GlobalSection(NestedProjects) = preSolution
		{34D91B33-8A51-4F20-811A-9A71A19D118B} = {5AB71636-F030-4123-A4F5-0C0D6587B7E5}
		{D9EDEAA5-F586-4741-9CC6-DD984D5099DD} = {5AB71636-F030-4123-A4F5-0C0D6587B7E5}
		{279B897A-A90E-4D4C-9AB4-73E18F33D78D} = {1463C4AE-F44C-4503-8E8A-7E35616CBAF6}
		{47D92D4E-30DD-4F1E-B31B-AB4DDFACEB08} = {1463C4AE-F44C-4503-8E8A-7E35616CBAF6}
		{6B3F7A00-3E42-472A-A683-EE86E2847F91} = {1463C4AE-F44C-4503-8E8A-7E35616CBAF6}
		{7942263A-4182-4B74-B740-48BF23634A6C} = {1463C4AE-F44C-4503-8E8A-7E35616CBAF6}
		{3D99AECC-42E2-44AA-8A41-2076AE801C87} = {C41257C5-06C7-497D-B248-4D9953880B70}
		{376F2FC1-04D0-4451-94B2-13746B5F50C5} = {C41257C5-06C7-497D-B248-4D9953880B70}
	EndGlobalSection
	GlobalSection(ExtensibilityGlobals) = postSolution
		SolutionGuid = {9C536135-89F1-4FE6-9FB3-2CAFE1C119DB}
	EndGlobalSection
EndGlobal
