
Microsoft Visual Studio Solution File, Format Version 12.00
# Visual Studio Version 17
VisualStudioVersion = 17.8.34408.163
MinimumVisualStudioVersion = 10.0.40219.1
Project("{2150E333-8FDC-42A3-9474-1A3956D46DE8}") = "Reflection", "Reflection", "{5AB71636-F030-4123-A4F5-0C0D6587B7E5}"
	ProjectSection(SolutionItems) = preProject
		Resources.txt = Resources.txt
	EndProjectSection
EndProject
Project("{9A19103F-16F7-4668-BE54-9A1E7A4F7556}") = "ReflectionDemo", "ReflectionDemo\ReflectionDemo.csproj", "{34D91B33-8A51-4F20-811A-9A71A19D118B}"
EndProject
Project("{2150E333-8FDC-42A3-9474-1A3956D46DE8}") = "Assemblies", "Assemblies", "{605BF631-0C69-4A0E-B30C-C07EA28F8E7C}"
EndProject
Project("{9A19103F-16F7-4668-BE54-9A1E7A4F7556}") = "Assemblies", "..\..\CAAssemblies\CAAssemblies\Assemblies.csproj", "{F531E702-EF24-46B5-9A89-D57EC15500CE}"
EndProject
Global
	GlobalSection(SolutionConfigurationPlatforms) = preSolution
		Debug|Any CPU = Debug|Any CPU
		Release|Any CPU = Release|Any CPU
	EndGlobalSection
	GlobalSection(ProjectConfigurationPlatforms) = postSolution
		{34D91B33-8A51-4F20-811A-9A71A19D118B}.Debug|Any CPU.ActiveCfg = Debug|Any CPU
		{34D91B33-8A51-4F20-811A-9A71A19D118B}.Debug|Any CPU.Build.0 = Debug|Any CPU
		{34D91B33-8A51-4F20-811A-9A71A19D118B}.Release|Any CPU.ActiveCfg = Release|Any CPU
		{34D91B33-8A51-4F20-811A-9A71A19D118B}.Release|Any CPU.Build.0 = Release|Any CPU
		{F531E702-EF24-46B5-9A89-D57EC15500CE}.Debug|Any CPU.ActiveCfg = Debug|Any CPU
		{F531E702-EF24-46B5-9A89-D57EC15500CE}.Debug|Any CPU.Build.0 = Debug|Any CPU
		{F531E702-EF24-46B5-9A89-D57EC15500CE}.Release|Any CPU.ActiveCfg = Release|Any CPU
		{F531E702-EF24-46B5-9A89-D57EC15500CE}.Release|Any CPU.Build.0 = Release|Any CPU
	EndGlobalSection
	GlobalSection(SolutionProperties) = preSolution
		HideSolutionNode = FALSE
	EndGlobalSection
	GlobalSection(NestedProjects) = preSolution
		{34D91B33-8A51-4F20-811A-9A71A19D118B} = {5AB71636-F030-4123-A4F5-0C0D6587B7E5}
		{F531E702-EF24-46B5-9A89-D57EC15500CE} = {605BF631-0C69-4A0E-B30C-C07EA28F8E7C}
	EndGlobalSection
	GlobalSection(ExtensibilityGlobals) = postSolution
		SolutionGuid = {9C536135-89F1-4FE6-9FB3-2CAFE1C119DB}
	EndGlobalSection
EndGlobal
